// !$*UTF8*$!
{
	archiveVersion = 1;
	classes = {
	};
	objectVersion = 46;
	objects = {

/* Begin PBXBuildFile section */
		640ED9E4619742A79300A1E2 /* libPods.a in Frameworks */ = {isa = PBXBuildFile; fileRef = 52FD83BCDDE94D7380F4B8F5 /* libPods.a */; };
		E22F4D6F183D54C600307EF3 /* WrappedTableView.m in Sources */ = {isa = PBXBuildFile; fileRef = E22F4D6E183D54C600307EF3 /* WrappedTableView.m */; };
		E288C2DF182560920044F2B2 /* Foundation.framework in Frameworks */ = {isa = PBXBuildFile; fileRef = E288C2DE182560920044F2B2 /* Foundation.framework */; };
		E288C2E1182560920044F2B2 /* CoreGraphics.framework in Frameworks */ = {isa = PBXBuildFile; fileRef = E288C2E0182560920044F2B2 /* CoreGraphics.framework */; };
		E288C2E3182560920044F2B2 /* UIKit.framework in Frameworks */ = {isa = PBXBuildFile; fileRef = E288C2E2182560920044F2B2 /* UIKit.framework */; };
		E288C2E9182560920044F2B2 /* InfoPlist.strings in Resources */ = {isa = PBXBuildFile; fileRef = E288C2E7182560920044F2B2 /* InfoPlist.strings */; };
		E288C2EB182560920044F2B2 /* main.m in Sources */ = {isa = PBXBuildFile; fileRef = E288C2EA182560920044F2B2 /* main.m */; };
		E288C2EF182560920044F2B2 /* AppDelegate.m in Sources */ = {isa = PBXBuildFile; fileRef = E288C2EE182560920044F2B2 /* AppDelegate.m */; };
		E288C2F2182560920044F2B2 /* Main_iPhone.storyboard in Resources */ = {isa = PBXBuildFile; fileRef = E288C2F0182560920044F2B2 /* Main_iPhone.storyboard */; };
		E288C2F8182560920044F2B2 /* ViewController.m in Sources */ = {isa = PBXBuildFile; fileRef = E288C2F7182560920044F2B2 /* ViewController.m */; };
		E288C2FA182560920044F2B2 /* Images.xcassets in Resources */ = {isa = PBXBuildFile; fileRef = E288C2F9182560920044F2B2 /* Images.xcassets */; };
		E288C31D182576470044F2B2 /* QMBParallaxScrollViewController.m in Sources */ = {isa = PBXBuildFile; fileRef = E288C31C182576470044F2B2 /* QMBParallaxScrollViewController.m */; };
		E288C32018257BCD0044F2B2 /* SampleScrollViewController.m in Sources */ = {isa = PBXBuildFile; fileRef = E288C31F18257BCD0044F2B2 /* SampleScrollViewController.m */; };
		E288C32318257BDE0044F2B2 /* SampleTopViewController.m in Sources */ = {isa = PBXBuildFile; fileRef = E288C32218257BDE0044F2B2 /* SampleTopViewController.m */; };
		E288C32A18259F740044F2B2 /* MapKit.framework in Frameworks */ = {isa = PBXBuildFile; fileRef = E288C32918259F740044F2B2 /* MapKit.framework */; };
		E288C3431826B5A10044F2B2 /* SampleTableViewController.m in Sources */ = {isa = PBXBuildFile; fileRef = E288C3421826B5A10044F2B2 /* SampleTableViewController.m */; };
		E288C346182714330044F2B2 /* UIViewController+QMBParallaxScrollViewController.m in Sources */ = {isa = PBXBuildFile; fileRef = E288C345182714330044F2B2 /* UIViewController+QMBParallaxScrollViewController.m */; };
		E2EC4E6A1829AD570072FB19 /* NGC6559.jpg in Resources */ = {isa = PBXBuildFile; fileRef = E2EC4E691829AD570072FB19 /* NGC6559.jpg */; };
		E2EC4E6D1829B2BD0072FB19 /* SamplePhotoBrowserViewController.m in Sources */ = {isa = PBXBuildFile; fileRef = E2EC4E6C1829B2BD0072FB19 /* SamplePhotoBrowserViewController.m */; };
		E2EC4E751829B76D0072FB19 /* 1.jpg in Resources */ = {isa = PBXBuildFile; fileRef = E2EC4E711829B76D0072FB19 /* 1.jpg */; };
		E2EC4E761829B76D0072FB19 /* 2.jpg in Resources */ = {isa = PBXBuildFile; fileRef = E2EC4E721829B76D0072FB19 /* 2.jpg */; };
		E2EC4E771829B76D0072FB19 /* 3.jpg in Resources */ = {isa = PBXBuildFile; fileRef = E2EC4E731829B76D0072FB19 /* 3.jpg */; };
		E2EC4E781829B76D0072FB19 /* 4.jpg in Resources */ = {isa = PBXBuildFile; fileRef = E2EC4E741829B76D0072FB19 /* 4.jpg */; };
		E2EC4E7B1829B84B0072FB19 /* ParallaxMapViewController.m in Sources */ = {isa = PBXBuildFile; fileRef = E2EC4E7A1829B84B0072FB19 /* ParallaxMapViewController.m */; };
		E2EC4E7E182B02EB0072FB19 /* ParallaxPhotoViewController.m in Sources */ = {isa = PBXBuildFile; fileRef = E2EC4E7D182B02EB0072FB19 /* ParallaxPhotoViewController.m */; };
/* End PBXBuildFile section */

/* Begin PBXFileReference section */
		52FD83BCDDE94D7380F4B8F5 /* libPods.a */ = {isa = PBXFileReference; explicitFileType = archive.ar; includeInIndex = 0; path = libPods.a; sourceTree = BUILT_PRODUCTS_DIR; };
		DC7E6630317544A2ABF428A4 /* Pods.xcconfig */ = {isa = PBXFileReference; includeInIndex = 1; lastKnownFileType = text.xcconfig; name = Pods.xcconfig; path = Pods/Pods.xcconfig; sourceTree = "<group>"; };
		E22F4D6D183D54C600307EF3 /* WrappedTableView.h */ = {isa = PBXFileReference; fileEncoding = 4; lastKnownFileType = sourcecode.c.h; path = WrappedTableView.h; sourceTree = "<group>"; };
		E22F4D6E183D54C600307EF3 /* WrappedTableView.m */ = {isa = PBXFileReference; fileEncoding = 4; lastKnownFileType = sourcecode.c.objc; path = WrappedTableView.m; sourceTree = "<group>"; };
		E288C2DB182560920044F2B2 /* QMBParallaxScrollView-Sample.app */ = {isa = PBXFileReference; explicitFileType = wrapper.application; includeInIndex = 0; path = "QMBParallaxScrollView-Sample.app"; sourceTree = BUILT_PRODUCTS_DIR; };
		E288C2DE182560920044F2B2 /* Foundation.framework */ = {isa = PBXFileReference; lastKnownFileType = wrapper.framework; name = Foundation.framework; path = System/Library/Frameworks/Foundation.framework; sourceTree = SDKROOT; };
		E288C2E0182560920044F2B2 /* CoreGraphics.framework */ = {isa = PBXFileReference; lastKnownFileType = wrapper.framework; name = CoreGraphics.framework; path = System/Library/Frameworks/CoreGraphics.framework; sourceTree = SDKROOT; };
		E288C2E2182560920044F2B2 /* UIKit.framework */ = {isa = PBXFileReference; lastKnownFileType = wrapper.framework; name = UIKit.framework; path = System/Library/Frameworks/UIKit.framework; sourceTree = SDKROOT; };
		E288C2E6182560920044F2B2 /* QMBParallaxScrollView-Sample-Info.plist */ = {isa = PBXFileReference; lastKnownFileType = text.plist.xml; path = "QMBParallaxScrollView-Sample-Info.plist"; sourceTree = "<group>"; };
		E288C2E8182560920044F2B2 /* en */ = {isa = PBXFileReference; lastKnownFileType = text.plist.strings; name = en; path = en.lproj/InfoPlist.strings; sourceTree = "<group>"; };
		E288C2EA182560920044F2B2 /* main.m */ = {isa = PBXFileReference; lastKnownFileType = sourcecode.c.objc; path = main.m; sourceTree = "<group>"; };
		E288C2EC182560920044F2B2 /* QMBParallaxScrollView-Sample-Prefix.pch */ = {isa = PBXFileReference; lastKnownFileType = sourcecode.c.h; path = "QMBParallaxScrollView-Sample-Prefix.pch"; sourceTree = "<group>"; };
		E288C2ED182560920044F2B2 /* AppDelegate.h */ = {isa = PBXFileReference; lastKnownFileType = sourcecode.c.h; path = AppDelegate.h; sourceTree = "<group>"; };
		E288C2EE182560920044F2B2 /* AppDelegate.m */ = {isa = PBXFileReference; lastKnownFileType = sourcecode.c.objc; path = AppDelegate.m; sourceTree = "<group>"; };
		E288C2F1182560920044F2B2 /* Base */ = {isa = PBXFileReference; lastKnownFileType = file.storyboard; name = Base; path = Base.lproj/Main_iPhone.storyboard; sourceTree = "<group>"; };
		E288C2F6182560920044F2B2 /* ViewController.h */ = {isa = PBXFileReference; lastKnownFileType = sourcecode.c.h; path = ViewController.h; sourceTree = "<group>"; };
		E288C2F7182560920044F2B2 /* ViewController.m */ = {isa = PBXFileReference; lastKnownFileType = sourcecode.c.objc; path = ViewController.m; sourceTree = "<group>"; };
		E288C2F9182560920044F2B2 /* Images.xcassets */ = {isa = PBXFileReference; lastKnownFileType = folder.assetcatalog; path = Images.xcassets; sourceTree = "<group>"; };
		E288C300182560920044F2B2 /* XCTest.framework */ = {isa = PBXFileReference; lastKnownFileType = wrapper.framework; name = XCTest.framework; path = Library/Frameworks/XCTest.framework; sourceTree = DEVELOPER_DIR; };
		E288C31B182576470044F2B2 /* QMBParallaxScrollViewController.h */ = {isa = PBXFileReference; fileEncoding = 4; lastKnownFileType = sourcecode.c.h; name = QMBParallaxScrollViewController.h; path = ../QMBParallaxScrollViewController/QMBParallaxScrollViewController.h; sourceTree = "<group>"; };
		E288C31C182576470044F2B2 /* QMBParallaxScrollViewController.m */ = {isa = PBXFileReference; fileEncoding = 4; lastKnownFileType = sourcecode.c.objc; name = QMBParallaxScrollViewController.m; path = ../QMBParallaxScrollViewController/QMBParallaxScrollViewController.m; sourceTree = "<group>"; };
		E288C31E18257BCD0044F2B2 /* SampleScrollViewController.h */ = {isa = PBXFileReference; fileEncoding = 4; lastKnownFileType = sourcecode.c.h; path = SampleScrollViewController.h; sourceTree = "<group>"; };
		E288C31F18257BCD0044F2B2 /* SampleScrollViewController.m */ = {isa = PBXFileReference; fileEncoding = 4; lastKnownFileType = sourcecode.c.objc; path = SampleScrollViewController.m; sourceTree = "<group>"; };
		E288C32118257BDE0044F2B2 /* SampleTopViewController.h */ = {isa = PBXFileReference; fileEncoding = 4; lastKnownFileType = sourcecode.c.h; path = SampleTopViewController.h; sourceTree = "<group>"; };
		E288C32218257BDE0044F2B2 /* SampleTopViewController.m */ = {isa = PBXFileReference; fileEncoding = 4; lastKnownFileType = sourcecode.c.objc; path = SampleTopViewController.m; sourceTree = "<group>"; };
		E288C32918259F740044F2B2 /* MapKit.framework */ = {isa = PBXFileReference; lastKnownFileType = wrapper.framework; name = MapKit.framework; path = System/Library/Frameworks/MapKit.framework; sourceTree = SDKROOT; };
		E288C3411826B5A10044F2B2 /* SampleTableViewController.h */ = {isa = PBXFileReference; fileEncoding = 4; lastKnownFileType = sourcecode.c.h; path = SampleTableViewController.h; sourceTree = "<group>"; };
		E288C3421826B5A10044F2B2 /* SampleTableViewController.m */ = {isa = PBXFileReference; fileEncoding = 4; lastKnownFileType = sourcecode.c.objc; path = SampleTableViewController.m; sourceTree = "<group>"; };
		E288C344182714330044F2B2 /* UIViewController+QMBParallaxScrollViewController.h */ = {isa = PBXFileReference; fileEncoding = 4; lastKnownFileType = sourcecode.c.h; name = "UIViewController+QMBParallaxScrollViewController.h"; path = "../QMBParallaxScrollViewController/UIViewController+QMBParallaxScrollViewController.h"; sourceTree = "<group>"; };
		E288C345182714330044F2B2 /* UIViewController+QMBParallaxScrollViewController.m */ = {isa = PBXFileReference; fileEncoding = 4; lastKnownFileType = sourcecode.c.objc; name = "UIViewController+QMBParallaxScrollViewController.m"; path = "../QMBParallaxScrollViewController/UIViewController+QMBParallaxScrollViewController.m"; sourceTree = "<group>"; };
		E2EC4E691829AD570072FB19 /* NGC6559.jpg */ = {isa = PBXFileReference; lastKnownFileType = image.jpeg; name = NGC6559.jpg; path = Resources/ParallaxBackgrounds/NGC6559.jpg; sourceTree = "<group>"; };
		E2EC4E6B1829B2BD0072FB19 /* SamplePhotoBrowserViewController.h */ = {isa = PBXFileReference; fileEncoding = 4; lastKnownFileType = sourcecode.c.h; path = SamplePhotoBrowserViewController.h; sourceTree = "<group>"; };
		E2EC4E6C1829B2BD0072FB19 /* SamplePhotoBrowserViewController.m */ = {isa = PBXFileReference; fileEncoding = 4; lastKnownFileType = sourcecode.c.objc; path = SamplePhotoBrowserViewController.m; sourceTree = "<group>"; };
		E2EC4E711829B76D0072FB19 /* 1.jpg */ = {isa = PBXFileReference; lastKnownFileType = image.jpeg; name = 1.jpg; path = Resources/ParallaxBackgrounds/1.jpg; sourceTree = "<group>"; };
		E2EC4E721829B76D0072FB19 /* 2.jpg */ = {isa = PBXFileReference; lastKnownFileType = image.jpeg; name = 2.jpg; path = Resources/ParallaxBackgrounds/2.jpg; sourceTree = "<group>"; };
		E2EC4E731829B76D0072FB19 /* 3.jpg */ = {isa = PBXFileReference; lastKnownFileType = image.jpeg; name = 3.jpg; path = Resources/ParallaxBackgrounds/3.jpg; sourceTree = "<group>"; };
		E2EC4E741829B76D0072FB19 /* 4.jpg */ = {isa = PBXFileReference; lastKnownFileType = image.jpeg; name = 4.jpg; path = Resources/ParallaxBackgrounds/4.jpg; sourceTree = "<group>"; };
		E2EC4E791829B84B0072FB19 /* ParallaxMapViewController.h */ = {isa = PBXFileReference; fileEncoding = 4; lastKnownFileType = sourcecode.c.h; path = ParallaxMapViewController.h; sourceTree = "<group>"; };
		E2EC4E7A1829B84B0072FB19 /* ParallaxMapViewController.m */ = {isa = PBXFileReference; fileEncoding = 4; lastKnownFileType = sourcecode.c.objc; path = ParallaxMapViewController.m; sourceTree = "<group>"; };
		E2EC4E7C182B02EB0072FB19 /* ParallaxPhotoViewController.h */ = {isa = PBXFileReference; fileEncoding = 4; lastKnownFileType = sourcecode.c.h; path = ParallaxPhotoViewController.h; sourceTree = "<group>"; };
		E2EC4E7D182B02EB0072FB19 /* ParallaxPhotoViewController.m */ = {isa = PBXFileReference; fileEncoding = 4; lastKnownFileType = sourcecode.c.objc; path = ParallaxPhotoViewController.m; sourceTree = "<group>"; };
/* End PBXFileReference section */

/* Begin PBXFrameworksBuildPhase section */
		E288C2D8182560920044F2B2 /* Frameworks */ = {
			isa = PBXFrameworksBuildPhase;
			buildActionMask = 2147483647;
			files = (
				E288C32A18259F740044F2B2 /* MapKit.framework in Frameworks */,
				E288C2E1182560920044F2B2 /* CoreGraphics.framework in Frameworks */,
				E288C2E3182560920044F2B2 /* UIKit.framework in Frameworks */,
				E288C2DF182560920044F2B2 /* Foundation.framework in Frameworks */,
				640ED9E4619742A79300A1E2 /* libPods.a in Frameworks */,
			);
			runOnlyForDeploymentPostprocessing = 0;
		};
/* End PBXFrameworksBuildPhase section */

/* Begin PBXGroup section */
		E288C2D2182560920044F2B2 = {
			isa = PBXGroup;
			children = (
				E288C31A182575DD0044F2B2 /* QMBParallaxScrollViewController */,
				E288C2E4182560920044F2B2 /* QMBParallaxScrollView-Sample */,
				E288C2DD182560920044F2B2 /* Frameworks */,
				E288C2DC182560920044F2B2 /* Products */,
				DC7E6630317544A2ABF428A4 /* Pods.xcconfig */,
			);
			sourceTree = "<group>";
		};
		E288C2DC182560920044F2B2 /* Products */ = {
			isa = PBXGroup;
			children = (
				E288C2DB182560920044F2B2 /* QMBParallaxScrollView-Sample.app */,
			);
			name = Products;
			sourceTree = "<group>";
		};
		E288C2DD182560920044F2B2 /* Frameworks */ = {
			isa = PBXGroup;
			children = (
				E288C32918259F740044F2B2 /* MapKit.framework */,
				E288C2DE182560920044F2B2 /* Foundation.framework */,
				E288C2E0182560920044F2B2 /* CoreGraphics.framework */,
				E288C2E2182560920044F2B2 /* UIKit.framework */,
				E288C300182560920044F2B2 /* XCTest.framework */,
				52FD83BCDDE94D7380F4B8F5 /* libPods.a */,
			);
			name = Frameworks;
			sourceTree = "<group>";
		};
		E288C2E4182560920044F2B2 /* QMBParallaxScrollView-Sample */ = {
			isa = PBXGroup;
			children = (
				E288C2ED182560920044F2B2 /* AppDelegate.h */,
				E288C2EE182560920044F2B2 /* AppDelegate.m */,
				E288C2F0182560920044F2B2 /* Main_iPhone.storyboard */,
				E288C2F6182560920044F2B2 /* ViewController.h */,
				E288C2F7182560920044F2B2 /* ViewController.m */,
				E2EC4E791829B84B0072FB19 /* ParallaxMapViewController.h */,
				E2EC4E7A1829B84B0072FB19 /* ParallaxMapViewController.m */,
				E2EC4E7C182B02EB0072FB19 /* ParallaxPhotoViewController.h */,
				E2EC4E7D182B02EB0072FB19 /* ParallaxPhotoViewController.m */,
				E288C2F9182560920044F2B2 /* Images.xcassets */,
				E288C32B1825B0880044F2B2 /* Resources */,
				E288C2E5182560920044F2B2 /* Supporting Files */,
				E288C31E18257BCD0044F2B2 /* SampleScrollViewController.h */,
				E288C31F18257BCD0044F2B2 /* SampleScrollViewController.m */,
				E288C32118257BDE0044F2B2 /* SampleTopViewController.h */,
				E288C32218257BDE0044F2B2 /* SampleTopViewController.m */,
				E288C3411826B5A10044F2B2 /* SampleTableViewController.h */,
				E288C3421826B5A10044F2B2 /* SampleTableViewController.m */,
				E2EC4E6B1829B2BD0072FB19 /* SamplePhotoBrowserViewController.h */,
				E2EC4E6C1829B2BD0072FB19 /* SamplePhotoBrowserViewController.m */,
				E22F4D6D183D54C600307EF3 /* WrappedTableView.h */,
				E22F4D6E183D54C600307EF3 /* WrappedTableView.m */,
			);
			path = "QMBParallaxScrollView-Sample";
			sourceTree = "<group>";
		};
		E288C2E5182560920044F2B2 /* Supporting Files */ = {
			isa = PBXGroup;
			children = (
				E288C2E6182560920044F2B2 /* QMBParallaxScrollView-Sample-Info.plist */,
				E288C2E7182560920044F2B2 /* InfoPlist.strings */,
				E288C2EA182560920044F2B2 /* main.m */,
				E288C2EC182560920044F2B2 /* QMBParallaxScrollView-Sample-Prefix.pch */,
			);
			name = "Supporting Files";
			sourceTree = "<group>";
		};
		E288C31A182575DD0044F2B2 /* QMBParallaxScrollViewController */ = {
			isa = PBXGroup;
			children = (
				E288C344182714330044F2B2 /* UIViewController+QMBParallaxScrollViewController.h */,
				E288C345182714330044F2B2 /* UIViewController+QMBParallaxScrollViewController.m */,
				E288C31B182576470044F2B2 /* QMBParallaxScrollViewController.h */,
				E288C31C182576470044F2B2 /* QMBParallaxScrollViewController.m */,
			);
			name = QMBParallaxScrollViewController;
			sourceTree = "<group>";
		};
		E288C32B1825B0880044F2B2 /* Resources */ = {
			isa = PBXGroup;
			children = (
				E288C32C1825B0940044F2B2 /* ParallaxBackgrounds */,
			);
			name = Resources;
			sourceTree = "<group>";
		};
		E288C32C1825B0940044F2B2 /* ParallaxBackgrounds */ = {
			isa = PBXGroup;
			children = (
				E2EC4E711829B76D0072FB19 /* 1.jpg */,
				E2EC4E721829B76D0072FB19 /* 2.jpg */,
				E2EC4E731829B76D0072FB19 /* 3.jpg */,
				E2EC4E741829B76D0072FB19 /* 4.jpg */,
				E2EC4E691829AD570072FB19 /* NGC6559.jpg */,
			);
			name = ParallaxBackgrounds;
			sourceTree = "<group>";
		};
/* End PBXGroup section */

/* Begin PBXNativeTarget section */
		E288C2DA182560920044F2B2 /* QMBParallaxScrollView-Sample */ = {
			isa = PBXNativeTarget;
			buildConfigurationList = E288C310182560920044F2B2 /* Build configuration list for PBXNativeTarget "QMBParallaxScrollView-Sample" */;
			buildPhases = (
				C6396F9AC2784658A2482438 /* Check Pods Manifest.lock */,
				E288C2D7182560920044F2B2 /* Sources */,
				E288C2D8182560920044F2B2 /* Frameworks */,
				E288C2D9182560920044F2B2 /* Resources */,
				24765F3E0D7E406D859D38E2 /* Copy Pods Resources */,
			);
			buildRules = (
			);
			dependencies = (
			);
			name = "QMBParallaxScrollView-Sample";
			productName = "QMBParallaxScrollView-Sample";
			productReference = E288C2DB182560920044F2B2 /* QMBParallaxScrollView-Sample.app */;
			productType = "com.apple.product-type.application";
		};
/* End PBXNativeTarget section */

/* Begin PBXProject section */
		E288C2D3182560920044F2B2 /* Project object */ = {
			isa = PBXProject;
			attributes = {
				LastUpgradeCheck = 0500;
				ORGANIZATIONNAME = "Toni Möckel";
			};
			buildConfigurationList = E288C2D6182560920044F2B2 /* Build configuration list for PBXProject "QMBParallaxScrollView-Sample" */;
			compatibilityVersion = "Xcode 3.2";
			developmentRegion = English;
			hasScannedForEncodings = 0;
			knownRegions = (
				en,
				Base,
			);
			mainGroup = E288C2D2182560920044F2B2;
			productRefGroup = E288C2DC182560920044F2B2 /* Products */;
			projectDirPath = "";
			projectRoot = "";
			targets = (
				E288C2DA182560920044F2B2 /* QMBParallaxScrollView-Sample */,
			);
		};
/* End PBXProject section */

/* Begin PBXResourcesBuildPhase section */
		E288C2D9182560920044F2B2 /* Resources */ = {
			isa = PBXResourcesBuildPhase;
			buildActionMask = 2147483647;
			files = (
				E288C2FA182560920044F2B2 /* Images.xcassets in Resources */,
				E2EC4E761829B76D0072FB19 /* 2.jpg in Resources */,
				E288C2F2182560920044F2B2 /* Main_iPhone.storyboard in Resources */,
				E2EC4E751829B76D0072FB19 /* 1.jpg in Resources */,
				E288C2E9182560920044F2B2 /* InfoPlist.strings in Resources */,
				E2EC4E781829B76D0072FB19 /* 4.jpg in Resources */,
				E2EC4E6A1829AD570072FB19 /* NGC6559.jpg in Resources */,
				E2EC4E771829B76D0072FB19 /* 3.jpg in Resources */,
			);
			runOnlyForDeploymentPostprocessing = 0;
		};
/* End PBXResourcesBuildPhase section */

/* Begin PBXShellScriptBuildPhase section */
		24765F3E0D7E406D859D38E2 /* Copy Pods Resources */ = {
			isa = PBXShellScriptBuildPhase;
			buildActionMask = 2147483647;
			files = (
			);
			inputPaths = (
			);
			name = "Copy Pods Resources";
			outputPaths = (
			);
			runOnlyForDeploymentPostprocessing = 0;
			shellPath = /bin/sh;
			shellScript = "\"${SRCROOT}/Pods/Pods-resources.sh\"\n";
			showEnvVarsInLog = 0;
		};
		C6396F9AC2784658A2482438 /* Check Pods Manifest.lock */ = {
			isa = PBXShellScriptBuildPhase;
			buildActionMask = 2147483647;
			files = (
			);
			inputPaths = (
			);
			name = "Check Pods Manifest.lock";
			outputPaths = (
			);
			runOnlyForDeploymentPostprocessing = 0;
			shellPath = /bin/sh;
			shellScript = "diff \"${PODS_ROOT}/../Podfile.lock\" \"${PODS_ROOT}/Manifest.lock\" > /dev/null\nif [[ $? != 0 ]] ; then\n    cat << EOM\nerror: The sandbox is not in sync with the Podfile.lock. Run 'pod install' or update your CocoaPods installation.\nEOM\n    exit 1\nfi\n";
			showEnvVarsInLog = 0;
		};
/* End PBXShellScriptBuildPhase section */

/* Begin PBXSourcesBuildPhase section */
		E288C2D7182560920044F2B2 /* Sources */ = {
			isa = PBXSourcesBuildPhase;
			buildActionMask = 2147483647;
			files = (
				E2EC4E7B1829B84B0072FB19 /* ParallaxMapViewController.m in Sources */,
				E288C346182714330044F2B2 /* UIViewController+QMBParallaxScrollViewController.m in Sources */,
				E288C2F8182560920044F2B2 /* ViewController.m in Sources */,
				E22F4D6F183D54C600307EF3 /* WrappedTableView.m in Sources */,
				E2EC4E7E182B02EB0072FB19 /* ParallaxPhotoViewController.m in Sources */,
				E2EC4E6D1829B2BD0072FB19 /* SamplePhotoBrowserViewController.m in Sources */,
				E288C32018257BCD0044F2B2 /* SampleScrollViewController.m in Sources */,
				E288C32318257BDE0044F2B2 /* SampleTopViewController.m in Sources */,
				E288C3431826B5A10044F2B2 /* SampleTableViewController.m in Sources */,
				E288C31D182576470044F2B2 /* QMBParallaxScrollViewController.m in Sources */,
				E288C2EF182560920044F2B2 /* AppDelegate.m in Sources */,
				E288C2EB182560920044F2B2 /* main.m in Sources */,
			);
			runOnlyForDeploymentPostprocessing = 0;
		};
/* End PBXSourcesBuildPhase section */

/* Begin PBXVariantGroup section */
		E288C2E7182560920044F2B2 /* InfoPlist.strings */ = {
			isa = PBXVariantGroup;
			children = (
				E288C2E8182560920044F2B2 /* en */,
			);
			name = InfoPlist.strings;
			sourceTree = "<group>";
		};
		E288C2F0182560920044F2B2 /* Main_iPhone.storyboard */ = {
			isa = PBXVariantGroup;
			children = (
				E288C2F1182560920044F2B2 /* Base */,
			);
			name = Main_iPhone.storyboard;
			sourceTree = "<group>";
		};
/* End PBXVariantGroup section */

/* Begin XCBuildConfiguration section */
		E288C30E182560920044F2B2 /* Debug */ = {
			isa = XCBuildConfiguration;
			buildSettings = {
				ALWAYS_SEARCH_USER_PATHS = NO;
				ARCHS = "$(ARCHS_STANDARD_INCLUDING_64_BIT)";
				CLANG_CXX_LANGUAGE_STANDARD = "gnu++0x";
				CLANG_CXX_LIBRARY = "libc++";
				CLANG_ENABLE_MODULES = YES;
				CLANG_ENABLE_OBJC_ARC = YES;
				CLANG_WARN_BOOL_CONVERSION = YES;
				CLANG_WARN_CONSTANT_CONVERSION = YES;
				CLANG_WARN_DIRECT_OBJC_ISA_USAGE = YES_ERROR;
				CLANG_WARN_EMPTY_BODY = YES;
				CLANG_WARN_ENUM_CONVERSION = YES;
				CLANG_WARN_INT_CONVERSION = YES;
				CLANG_WARN_OBJC_ROOT_CLASS = YES_ERROR;
				CLANG_WARN__DUPLICATE_METHOD_MATCH = YES;
				"CODE_SIGN_IDENTITY[sdk=iphoneos*]" = "iPhone Developer";
				COPY_PHASE_STRIP = NO;
				GCC_C_LANGUAGE_STANDARD = gnu99;
				GCC_DYNAMIC_NO_PIC = NO;
				GCC_OPTIMIZATION_LEVEL = 0;
				GCC_PREPROCESSOR_DEFINITIONS = (
					"DEBUG=1",
					"$(inherited)",
				);
				GCC_SYMBOLS_PRIVATE_EXTERN = NO;
				GCC_WARN_64_TO_32_BIT_CONVERSION = YES;
				GCC_WARN_ABOUT_RETURN_TYPE = YES_ERROR;
				GCC_WARN_UNDECLARED_SELECTOR = YES;
				GCC_WARN_UNINITIALIZED_AUTOS = YES;
				GCC_WARN_UNUSED_FUNCTION = YES;
				GCC_WARN_UNUSED_VARIABLE = YES;
				IPHONEOS_DEPLOYMENT_TARGET = 7.0;
				ONLY_ACTIVE_ARCH = YES;
				SDKROOT = iphoneos;
				TARGETED_DEVICE_FAMILY = "1,2";
			};
			name = Debug;
		};
		E288C30F182560920044F2B2 /* Release */ = {
			isa = XCBuildConfiguration;
			buildSettings = {
				ALWAYS_SEARCH_USER_PATHS = NO;
				ARCHS = "$(ARCHS_STANDARD_INCLUDING_64_BIT)";
				CLANG_CXX_LANGUAGE_STANDARD = "gnu++0x";
				CLANG_CXX_LIBRARY = "libc++";
				CLANG_ENABLE_MODULES = YES;
				CLANG_ENABLE_OBJC_ARC = YES;
				CLANG_WARN_BOOL_CONVERSION = YES;
				CLANG_WARN_CONSTANT_CONVERSION = YES;
				CLANG_WARN_DIRECT_OBJC_ISA_USAGE = YES_ERROR;
				CLANG_WARN_EMPTY_BODY = YES;
				CLANG_WARN_ENUM_CONVERSION = YES;
				CLANG_WARN_INT_CONVERSION = YES;
				CLANG_WARN_OBJC_ROOT_CLASS = YES_ERROR;
				CLANG_WARN__DUPLICATE_METHOD_MATCH = YES;
				"CODE_SIGN_IDENTITY[sdk=iphoneos*]" = "iPhone Developer";
				COPY_PHASE_STRIP = YES;
				ENABLE_NS_ASSERTIONS = NO;
				GCC_C_LANGUAGE_STANDARD = gnu99;
				GCC_WARN_64_TO_32_BIT_CONVERSION = YES;
				GCC_WARN_ABOUT_RETURN_TYPE = YES_ERROR;
				GCC_WARN_UNDECLARED_SELECTOR = YES;
				GCC_WARN_UNINITIALIZED_AUTOS = YES;
				GCC_WARN_UNUSED_FUNCTION = YES;
				GCC_WARN_UNUSED_VARIABLE = YES;
				IPHONEOS_DEPLOYMENT_TARGET = 7.0;
				SDKROOT = iphoneos;
				TARGETED_DEVICE_FAMILY = "1,2";
				VALIDATE_PRODUCT = YES;
			};
			name = Release;
		};
		E288C311182560920044F2B2 /* Debug */ = {
			isa = XCBuildConfiguration;
			baseConfigurationReference = DC7E6630317544A2ABF428A4 /* Pods.xcconfig */;
			buildSettings = {
				ASSETCATALOG_COMPILER_APPICON_NAME = AppIcon;
				ASSETCATALOG_COMPILER_LAUNCHIMAGE_NAME = LaunchImage;
				CODE_SIGN_IDENTITY = "iPhone Developer";
				GCC_PRECOMPILE_PREFIX_HEADER = YES;
				GCC_PREFIX_HEADER = "QMBParallaxScrollView-Sample/QMBParallaxScrollView-Sample-Prefix.pch";
				INFOPLIST_FILE = "QMBParallaxScrollView-Sample/QMBParallaxScrollView-Sample-Info.plist";
				IPHONEOS_DEPLOYMENT_TARGET = 6.0;
				PRODUCT_NAME = "$(TARGET_NAME)";
				WRAPPER_EXTENSION = app;
			};
			name = Debug;
		};
		E288C312182560920044F2B2 /* Release */ = {
			isa = XCBuildConfiguration;
			baseConfigurationReference = DC7E6630317544A2ABF428A4 /* Pods.xcconfig */;
			buildSettings = {
				ASSETCATALOG_COMPILER_APPICON_NAME = AppIcon;
				ASSETCATALOG_COMPILER_LAUNCHIMAGE_NAME = LaunchImage;
				CODE_SIGN_IDENTITY = "iPhone Developer";
				GCC_PRECOMPILE_PREFIX_HEADER = YES;
				GCC_PREFIX_HEADER = "QMBParallaxScrollView-Sample/QMBParallaxScrollView-Sample-Prefix.pch";
				INFOPLIST_FILE = "QMBParallaxScrollView-Sample/QMBParallaxScrollView-Sample-Info.plist";
				IPHONEOS_DEPLOYMENT_TARGET = 6.0;
				PRODUCT_NAME = "$(TARGET_NAME)";
				WRAPPER_EXTENSION = app;
			};
			name = Release;
		};
/* End XCBuildConfiguration section */

/* Begin XCConfigurationList section */
		E288C2D6182560920044F2B2 /* Build configuration list for PBXProject "QMBParallaxScrollView-Sample" */ = {
			isa = XCConfigurationList;
			buildConfigurations = (
				E288C30E182560920044F2B2 /* Debug */,
				E288C30F182560920044F2B2 /* Release */,
			);
			defaultConfigurationIsVisible = 0;
			defaultConfigurationName = Release;
		};
		E288C310182560920044F2B2 /* Build configuration list for PBXNativeTarget "QMBParallaxScrollView-Sample" */ = {
			isa = XCConfigurationList;
			buildConfigurations = (
				E288C311182560920044F2B2 /* Debug */,
				E288C312182560920044F2B2 /* Release */,
			);
			defaultConfigurationIsVisible = 0;
			defaultConfigurationName = Release;
		};
/* End XCConfigurationList section */
	};
	rootObject = E288C2D3182560920044F2B2 /* Project object */;
}
